
Microsoft Visual Studio Solution File, Format Version 12.00
# Visual Studio Version 16
VisualStudioVersion = 16.0.30104.148
MinimumVisualStudioVersion = 10.0.40219.1
Project("{FAE04EC0-301F-11D3-BF4B-00C04F79EFBC}") = "Gurren Core", "Gurren-Core.Lib\Gurren Core.csproj", "{827EDD02-F470-4C0A-80C2-4B71D163039C}"
EndProject
Project("{FAE04EC0-301F-11D3-BF4B-00C04F79EFBC}") = "Gurren-Core.Tests", "Gurren-Core.Tests\Gurren-Core.Tests.csproj", "{DF6656E5-F140-4464-9C77-D77A21CEB47D}"
EndProject
Global
	GlobalSection(SolutionConfigurationPlatforms) = preSolution
		Debug|Any CPU = Debug|Any CPU
		Release|Any CPU = Release|Any CPU
	EndGlobalSection
	GlobalSection(ProjectConfigurationPlatforms) = postSolution
		{827EDD02-F470-4C0A-80C2-4B71D163039C}.Debug|Any CPU.ActiveCfg = Debug|Any CPU
		{827EDD02-F470-4C0A-80C2-4B71D163039C}.Debug|Any CPU.Build.0 = Debug|Any CPU
		{827EDD02-F470-4C0A-80C2-4B71D163039C}.Release|Any CPU.ActiveCfg = Release|Any CPU
		{827EDD02-F470-4C0A-80C2-4B71D163039C}.Release|Any CPU.Build.0 = Release|Any CPU
		{DF6656E5-F140-4464-9C77-D77A21CEB47D}.Debug|Any CPU.ActiveCfg = Debug|Any CPU
		{DF6656E5-F140-4464-9C77-D77A21CEB47D}.Debug|Any CPU.Build.0 = Debug|Any CPU
		{DF6656E5-F140-4464-9C77-D77A21CEB47D}.Release|Any CPU.ActiveCfg = Release|Any CPU
		{DF6656E5-F140-4464-9C77-D77A21CEB47D}.Release|Any CPU.Build.0 = Release|Any CPU
	EndGlobalSection
	GlobalSection(SolutionProperties) = preSolution
		HideSolutionNode = FALSE
	EndGlobalSection
	GlobalSection(ExtensibilityGlobals) = postSolution
		SolutionGuid = {A52A4109-6185-43DA-B247-E761A99A183E}
	EndGlobalSection
EndGlobal
